
Microsoft Visual Studio Solution File, Format Version 12.00
# Visual Studio Version 17
VisualStudioVersion = 17.9.34607.119
MinimumVisualStudioVersion = 10.0.40219.1
Project("{FAE04EC0-301F-11D3-BF4B-00C04F79EFBC}") = "WinFormsApp_OOP_2", "WinFormsApp_OOP_2\WinFormsApp_OOP_2.csproj", "{C9BCDE3C-0074-44DF-8CE9-460963F487A9}"
EndProject
Global
	GlobalSection(SolutionConfigurationPlatforms) = preSolution
		Debug|Any CPU = Debug|Any CPU
		Release|Any CPU = Release|Any CPU
	EndGlobalSection
	GlobalSection(ProjectConfigurationPlatforms) = postSolution
		{C9BCDE3C-0074-44DF-8CE9-460963F487A9}.Debug|Any CPU.ActiveCfg = Debug|Any CPU
		{C9BCDE3C-0074-44DF-8CE9-460963F487A9}.Debug|Any CPU.Build.0 = Debug|Any CPU
		{C9BCDE3C-0074-44DF-8CE9-460963F487A9}.Release|Any CPU.ActiveCfg = Release|Any CPU
		{C9BCDE3C-0074-44DF-8CE9-460963F487A9}.Release|Any CPU.Build.0 = Release|Any CPU
	EndGlobalSection
	GlobalSection(SolutionProperties) = preSolution
		HideSolutionNode = FALSE
	EndGlobalSection
	GlobalSection(ExtensibilityGlobals) = postSolution
		SolutionGuid = {7693D41D-D160-496D-ABC2-3AF67487D828}
	EndGlobalSection
EndGlobal
